
Microsoft Visual Studio Solution File, Format Version 12.00
# Visual Studio Version 17
VisualStudioVersion = 17.6.33815.320
MinimumVisualStudioVersion = 10.0.40219.1
Project("{2150E333-8FDC-42A3-9474-1A3956D46DE8}") = "GithubElements", "GithubElements", "{314249E2-EE68-4735-9D09-14F8400D3B3B}"
EndProject
Project("{2150E333-8FDC-42A3-9474-1A3956D46DE8}") = "Çözüm Öğeleri", "Çözüm Öğeleri", "{14D77F1B-C722-4785-9FB6-550163CA5DEC}"
	ProjectSection(SolutionItems) = preProject
		README.md = README.md
	EndProjectSection
EndProject
Project("{2150E333-8FDC-42A3-9474-1A3956D46DE8}") = "C_Sharp_GencayYildiz", "C_Sharp_GencayYildiz", "{0437EB4F-9B5D-47FF-A052-81C9B2D90887}"
	ProjectSection(SolutionItems) = preProject
		C_Sharp_GencayYildiz\README.md = C_Sharp_GencayYildiz\README.md
	EndProjectSection
EndProject
Project("{2150E333-8FDC-42A3-9474-1A3956D46DE8}") = "Documents", "Documents", "{D040C566-29F3-4F2B-A3D7-6889BD893D47}"
EndProject
Project("{9A19103F-16F7-4668-BE54-9A1E7A4F7556}") = "Kodlar", "C_Sharp_GencayYildiz\Kodlar\Kodlar.csproj", "{B101F80B-E9BE-43A7-A6BE-0E078AF2E5D6}"
EndProject
Project("{2150E333-8FDC-42A3-9474-1A3956D46DE8}") = "Breakpoint", "Breakpoint", "{4F5E691C-3341-472F-9494-001D74093726}"
	ProjectSection(SolutionItems) = preProject
		C_Sharp_GencayYildiz\Documents\Breakpoint\Breakpoint.md = C_Sharp_GencayYildiz\Documents\Breakpoint\Breakpoint.md
	EndProjectSection
EndProject
Project("{2150E333-8FDC-42A3-9474-1A3956D46DE8}") = "Degiskenler", "Degiskenler", "{6BC9CB5A-A29B-423C-BD9E-C53D05CBDF71}"
	ProjectSection(SolutionItems) = preProject
		C_Sharp_GencayYildiz\Documents\Degiskenler\BilememKardeş.md = C_Sharp_GencayYildiz\Documents\Degiskenler\BilememKardeş.md
		C_Sharp_GencayYildiz\Documents\Degiskenler\Bilemem_Kardeş.mp4 = C_Sharp_GencayYildiz\Documents\Degiskenler\Bilemem_Kardeş.mp4
		C_Sharp_GencayYildiz\Documents\Degiskenler\Degiskenler.md = C_Sharp_GencayYildiz\Documents\Degiskenler\Degiskenler.md
		C_Sharp_GencayYildiz\Documents\Degiskenler\Isprimitive.png = C_Sharp_GencayYildiz\Documents\Degiskenler\Isprimitive.png
		C_Sharp_GencayYildiz\Documents\Degiskenler\TipDegisimi.png = C_Sharp_GencayYildiz\Documents\Degiskenler\TipDegisimi.png
		C_Sharp_GencayYildiz\Documents\Degiskenler\tuple.png = C_Sharp_GencayYildiz\Documents\Degiskenler\tuple.png
	EndProjectSection
EndProject
Project("{2150E333-8FDC-42A3-9474-1A3956D46DE8}") = "Donguler", "Donguler", "{CDB55F02-9C49-4731-845B-5B2FB637FFD5}"
	ProjectSection(SolutionItems) = preProject
		C_Sharp_GencayYildiz\Documents\Donguler\Donguler.md = C_Sharp_GencayYildiz\Documents\Donguler\Donguler.md
	EndProjectSection
EndProject
Project("{2150E333-8FDC-42A3-9474-1A3956D46DE8}") = "DotnetCLI", "DotnetCLI", "{058D0112-936D-4D68-B697-D8F319FB24F5}"
	ProjectSection(SolutionItems) = preProject
		C_Sharp_GencayYildiz\Documents\DotnetCLI\DotnetCLI.md = C_Sharp_GencayYildiz\Documents\DotnetCLI\DotnetCLI.md
		C_Sharp_GencayYildiz\Documents\DotnetCLI\dotnet_new.png = C_Sharp_GencayYildiz\Documents\DotnetCLI\dotnet_new.png
	EndProjectSection
EndProject
Project("{2150E333-8FDC-42A3-9474-1A3956D46DE8}") = "GenelKonular", "GenelKonular", "{D14BEB0A-BA02-4823-9123-50B453A1A29F}"
	ProjectSection(SolutionItems) = preProject
		C_Sharp_GencayYildiz\Documents\GenelKonular\GenelKonular.md = C_Sharp_GencayYildiz\Documents\GenelKonular\GenelKonular.md
		C_Sharp_GencayYildiz\Documents\GenelKonular\uint.png = C_Sharp_GencayYildiz\Documents\GenelKonular\uint.png
	EndProjectSection
EndProject
Project("{2150E333-8FDC-42A3-9474-1A3956D46DE8}") = "HataDurumları", "HataDurumları", "{FE993BF8-FAB7-40C3-BF88-9494E7B2C2A7}"
	ProjectSection(SolutionItems) = preProject
		C_Sharp_GencayYildiz\Documents\HataDurumları\HataDurumları.md = C_Sharp_GencayYildiz\Documents\HataDurumları\HataDurumları.md
	EndProjectSection
EndProject
Project("{2150E333-8FDC-42A3-9474-1A3956D46DE8}") = "If-else", "If-else", "{610E8264-7E9E-4A1E-BE3A-E378739DB9B5}"
	ProjectSection(SolutionItems) = preProject
		C_Sharp_GencayYildiz\Documents\If-else\If-else.md = C_Sharp_GencayYildiz\Documents\If-else\If-else.md
	EndProjectSection
EndProject
Project("{2150E333-8FDC-42A3-9474-1A3956D46DE8}") = "Keywordler", "Keywordler", "{30DC5B76-A91F-47FE-B941-910EC2884365}"
	ProjectSection(SolutionItems) = preProject
		C_Sharp_GencayYildiz\Documents\Keywordler\checked1.png = C_Sharp_GencayYildiz\Documents\Keywordler\checked1.png
		C_Sharp_GencayYildiz\Documents\Keywordler\checked2.png = C_Sharp_GencayYildiz\Documents\Keywordler\checked2.png
		C_Sharp_GencayYildiz\Documents\Keywordler\checked3.png = C_Sharp_GencayYildiz\Documents\Keywordler\checked3.png
		C_Sharp_GencayYildiz\Documents\Keywordler\checked4.png = C_Sharp_GencayYildiz\Documents\Keywordler\checked4.png
		C_Sharp_GencayYildiz\Documents\Keywordler\Keywordler.md = C_Sharp_GencayYildiz\Documents\Keywordler\Keywordler.md
	EndProjectSection
EndProject
Project("{2150E333-8FDC-42A3-9474-1A3956D46DE8}") = "PatternMaching", "PatternMaching", "{27EA2905-4C88-415A-9674-929C38F290B4}"
	ProjectSection(SolutionItems) = preProject
		C_Sharp_GencayYildiz\Documents\PatternMaching\PatternMaching.md = C_Sharp_GencayYildiz\Documents\PatternMaching\PatternMaching.md
	EndProjectSection
EndProject
Project("{2150E333-8FDC-42A3-9474-1A3956D46DE8}") = "Switch-case", "Switch-case", "{973AC446-12C9-4FA7-A6C3-1BC59084C823}"
	ProjectSection(SolutionItems) = preProject
		C_Sharp_GencayYildiz\Documents\Switch-case\Switch-case.md = C_Sharp_GencayYildiz\Documents\Switch-case\Switch-case.md
		C_Sharp_GencayYildiz\Documents\Switch-case\switch.png = C_Sharp_GencayYildiz\Documents\Switch-case\switch.png
		C_Sharp_GencayYildiz\Documents\Switch-case\switch2.png = C_Sharp_GencayYildiz\Documents\Switch-case\switch2.png
	EndProjectSection
EndProject
Project("{2150E333-8FDC-42A3-9474-1A3956D46DE8}") = "Temel_ilkeler", "Temel_ilkeler", "{024CCB71-81D3-4680-83B9-E2B1FBA5AA0D}"
	ProjectSection(SolutionItems) = preProject
		C_Sharp_GencayYildiz\Documents\Temel_ilkeler\Temel_ilkeler.md = C_Sharp_GencayYildiz\Documents\Temel_ilkeler\Temel_ilkeler.md
	EndProjectSection
EndProject
Project("{2150E333-8FDC-42A3-9474-1A3956D46DE8}") = "Todo_Kullanimi", "Todo_Kullanimi", "{928EDA97-7464-4C1F-94A6-3B71EC6F5F54}"
	ProjectSection(SolutionItems) = preProject
		C_Sharp_GencayYildiz\Documents\Todo_Kullanimi\Todo_Kullanimi.md = C_Sharp_GencayYildiz\Documents\Todo_Kullanimi\Todo_Kullanimi.md
	EndProjectSection
EndProject
Project("{2150E333-8FDC-42A3-9474-1A3956D46DE8}") = "TopLevelStatements", "TopLevelStatements", "{CAB24FB7-72FE-4563-BA44-60FB9C585F7B}"
	ProjectSection(SolutionItems) = preProject
		C_Sharp_GencayYildiz\Documents\TopLevelStatements\TopLevelStatements.md = C_Sharp_GencayYildiz\Documents\TopLevelStatements\TopLevelStatements.md
	EndProjectSection
EndProject
Project("{2150E333-8FDC-42A3-9474-1A3956D46DE8}") = "Yorum_Satırları", "Yorum_Satırları", "{F8569707-5C12-43D0-B3FC-B15B2DB754AA}"
	ProjectSection(SolutionItems) = preProject
		C_Sharp_GencayYildiz\Documents\Yorum_Satırları\EkBilgiYorumu1.png = C_Sharp_GencayYildiz\Documents\Yorum_Satırları\EkBilgiYorumu1.png
		C_Sharp_GencayYildiz\Documents\Yorum_Satırları\regionA.png = C_Sharp_GencayYildiz\Documents\Yorum_Satırları\regionA.png
		C_Sharp_GencayYildiz\Documents\Yorum_Satırları\regionB.png = C_Sharp_GencayYildiz\Documents\Yorum_Satırları\regionB.png
		C_Sharp_GencayYildiz\Documents\Yorum_Satırları\Yorum_Satırları.md = C_Sharp_GencayYildiz\Documents\Yorum_Satırları\Yorum_Satırları.md
	EndProjectSection
EndProject
Project("{2150E333-8FDC-42A3-9474-1A3956D46DE8}") = "OOP", "OOP", "{516E7D2E-0951-4C90-A503-26A6648A1FD3}"
	ProjectSection(SolutionItems) = preProject
		OOP\README.md = OOP\README.md
	EndProjectSection
EndProject
Project("{2150E333-8FDC-42A3-9474-1A3956D46DE8}") = "TSQL_SQL", "TSQL_SQL", "{89901747-D2E5-4552-8255-4DCECB40F475}"
	ProjectSection(SolutionItems) = preProject
		TSQL_SQL\TSQL_SQL.md = TSQL_SQL\TSQL_SQL.md
	EndProjectSection
EndProject
Project("{2150E333-8FDC-42A3-9474-1A3956D46DE8}") = "EfCore", "EfCore", "{D6F19028-2710-4D81-B1A9-1F92A1DA204C}"
	ProjectSection(SolutionItems) = preProject
		EfCore\EfCore.md = EfCore\EfCore.md
		EfCore\EfCorescaffold.png = EfCore\EfCorescaffold.png
	EndProjectSection
EndProject
Project("{9A19103F-16F7-4668-BE54-9A1E7A4F7556}") = "EfCore", "EfCore\EfCore\EfCore.csproj", "{55377E22-33D1-431D-8104-12B3CEA8709A}"
EndProject
Project("{2150E333-8FDC-42A3-9474-1A3956D46DE8}") = "Mini_ETicaret", "Mini_ETicaret", "{C91AA234-B0E1-4F3E-8AF3-0E951D580805}"
	ProjectSection(SolutionItems) = preProject
		Mini_ETicaret\Mini_ETicaret.md = Mini_ETicaret\Mini_ETicaret.md
	EndProjectSection
EndProject
Project("{2150E333-8FDC-42A3-9474-1A3956D46DE8}") = "GithubDocuments", "GithubDocuments", "{41EE8C72-3C3E-4BC8-9787-8FB4946CFB44}"
EndProject
Project("{2150E333-8FDC-42A3-9474-1A3956D46DE8}") = "NeDersinV2", "NeDersinV2", "{B9739730-3C56-4584-823C-980DAC997A5C}"
	ProjectSection(SolutionItems) = preProject
		NeDersinV2\NeDersinV2.md = NeDersinV2\NeDersinV2.md
	EndProjectSection
EndProject
Project("{2150E333-8FDC-42A3-9474-1A3956D46DE8}") = "GithubElements", "GithubElements", "{A128111A-BDE9-419D-BE6B-AF551FB99338}"
EndProject
Project("{2150E333-8FDC-42A3-9474-1A3956D46DE8}") = "src", "src", "{31B5544E-9BF6-431B-B4AD-52EE85CE1D74}"
EndProject
Project("{2150E333-8FDC-42A3-9474-1A3956D46DE8}") = "Application", "Application", "{AC7D42CE-C7D9-4919-8DD0-79A2C9C5E06B}"
EndProject
Project("{2150E333-8FDC-42A3-9474-1A3956D46DE8}") = "Domain", "Domain", "{8FC6AD95-1575-42E6-815D-EBF50EA48C62}"
EndProject
Project("{2150E333-8FDC-42A3-9474-1A3956D46DE8}") = "Infrasructure", "Infrasructure", "{24DB0C81-8ABF-4B4E-85D8-9425770ACC44}"
EndProject
Project("{2150E333-8FDC-42A3-9474-1A3956D46DE8}") = "Services", "Services", "{25E46AD0-7594-4DDA-A579-8F7E31F92636}"
EndProject
Project("{2150E333-8FDC-42A3-9474-1A3956D46DE8}") = "Presentation", "Presentation", "{2A694FA4-B544-415D-B309-8C2766FF6C96}"
EndProject
Project("{9A19103F-16F7-4668-BE54-9A1E7A4F7556}") = "NeDersinV2.Entities", "NeDersinV2\src\Domain\NeDersinV2.Entities\NeDersinV2.Entities.csproj", "{94D17C4C-6BCB-4D2E-B903-1C37F86529A8}"
EndProject
Project("{9A19103F-16F7-4668-BE54-9A1E7A4F7556}") = "NeDersinV2.Returns", "NeDersinV2\src\Domain\NeDersinV2.Returns\NeDersinV2.Returns.csproj", "{D4E66EBD-C7D4-4EA3-B199-F6A543FB7B07}"
EndProject
Project("{9A19103F-16F7-4668-BE54-9A1E7A4F7556}") = "NeDersinV2.Abstracts", "NeDersinV2\src\Application\NeDersinV2.Abstracts\NeDersinV2.Abstracts.csproj", "{84040B6D-6F63-426E-932E-416EBE580609}"
EndProject
Project("{9A19103F-16F7-4668-BE54-9A1E7A4F7556}") = "NeDersinV2.Services", "NeDersinV2\src\Services\NeDersinV2.Services\NeDersinV2.Services.csproj", "{8910E2C0-ADF0-48EF-9B3F-BF75BD44488B}"
EndProject
Project("{9A19103F-16F7-4668-BE54-9A1E7A4F7556}") = "NeDersinV2.API", "NeDersinV2\src\Presentation\NeDersinV2.API\NeDersinV2.API.csproj", "{74E56BD2-71F0-466B-A65A-848B44720FA6}"
EndProject
Project("{9A19103F-16F7-4668-BE54-9A1E7A4F7556}") = "NeDersinV2.Infrasructure", "NeDersinV2\src\Infrasructure\NeDersinV2.Infrasructure\NeDersinV2.Infrasructure.csproj", "{46839F48-3C0C-49E3-B4FB-7AB2B08D6923}"
EndProject
Project("{9A19103F-16F7-4668-BE54-9A1E7A4F7556}") = "NeDersinV2.Constants", "NeDersinV2\src\Domain\NeDersinV2.Constants\NeDersinV2.Constants.csproj", "{C4010549-4611-463A-814D-57AA85036641}"
EndProject
Project("{9A19103F-16F7-4668-BE54-9A1E7A4F7556}") = "NeDersinV2.DTOs", "NeDersinV2\src\Domain\NeDersinV2.DTOs\NeDersinV2.DTOs.csproj", "{EAFD52C8-8A2C-475D-ABD3-28C4C6D7A46A}"
EndProject
Project("{9A19103F-16F7-4668-BE54-9A1E7A4F7556}") = "NeDersinV2.Mapper", "NeDersinV2\src\Application\NeDersinV2.Mapper\NeDersinV2.Mapper.csproj", "{4A829A12-0A5A-4174-8532-0912F3406409}"
EndProject
Project("{9A19103F-16F7-4668-BE54-9A1E7A4F7556}") = "NeDersinV2.Extensions", "NeDersinV2\src\Domain\NeDersinV2.Extensions\NeDersinV2.Extensions.csproj", "{B9749B65-A756-45F3-BA18-928239256E8E}"
EndProject
Project("{2150E333-8FDC-42A3-9474-1A3956D46DE8}") = "FlutterClientExe", "FlutterClientExe", "{D0BE2FBA-EB5D-4AF7-8403-C92975A55432}"
	ProjectSection(SolutionItems) = preProject
		NeDersinV2\src\Presentation\FlutterClientExe\flutter_windows.dll = NeDersinV2\src\Presentation\FlutterClientExe\flutter_windows.dll
		NeDersinV2\src\Presentation\FlutterClientExe\nedersin.exe = NeDersinV2\src\Presentation\FlutterClientExe\nedersin.exe
	EndProjectSection
EndProject
Project("{2150E333-8FDC-42A3-9474-1A3956D46DE8}") = "FlutterClient", "FlutterClient", "{BAF44F21-A017-4221-8433-B10ECE8E7BA6}"
EndProject
Project("{2150E333-8FDC-42A3-9474-1A3956D46DE8}") = "nedersin", "nedersin", "{47D90121-E505-4467-85C8-4AEA117390D0}"
EndProject
Project("{2150E333-8FDC-42A3-9474-1A3956D46DE8}") = "BTK_API", "BTK_API", "{CF55A390-8E85-4093-9824-DAC3316A9256}"
	ProjectSection(SolutionItems) = preProject
		BTK_API\BTK_API.md = BTK_API\BTK_API.md
	EndProjectSection
EndProject
Global
	GlobalSection(SolutionConfigurationPlatforms) = preSolution
		Debug|Any CPU = Debug|Any CPU
		Release|Any CPU = Release|Any CPU
	EndGlobalSection
	GlobalSection(ProjectConfigurationPlatforms) = postSolution
		{B101F80B-E9BE-43A7-A6BE-0E078AF2E5D6}.Debug|Any CPU.ActiveCfg = Debug|Any CPU
		{B101F80B-E9BE-43A7-A6BE-0E078AF2E5D6}.Debug|Any CPU.Build.0 = Debug|Any CPU
		{B101F80B-E9BE-43A7-A6BE-0E078AF2E5D6}.Release|Any CPU.ActiveCfg = Release|Any CPU
		{B101F80B-E9BE-43A7-A6BE-0E078AF2E5D6}.Release|Any CPU.Build.0 = Release|Any CPU
		{55377E22-33D1-431D-8104-12B3CEA8709A}.Debug|Any CPU.ActiveCfg = Debug|Any CPU
		{55377E22-33D1-431D-8104-12B3CEA8709A}.Debug|Any CPU.Build.0 = Debug|Any CPU
		{55377E22-33D1-431D-8104-12B3CEA8709A}.Release|Any CPU.ActiveCfg = Release|Any CPU
		{55377E22-33D1-431D-8104-12B3CEA8709A}.Release|Any CPU.Build.0 = Release|Any CPU
		{94D17C4C-6BCB-4D2E-B903-1C37F86529A8}.Debug|Any CPU.ActiveCfg = Debug|Any CPU
		{94D17C4C-6BCB-4D2E-B903-1C37F86529A8}.Debug|Any CPU.Build.0 = Debug|Any CPU
		{94D17C4C-6BCB-4D2E-B903-1C37F86529A8}.Release|Any CPU.ActiveCfg = Release|Any CPU
		{94D17C4C-6BCB-4D2E-B903-1C37F86529A8}.Release|Any CPU.Build.0 = Release|Any CPU
		{D4E66EBD-C7D4-4EA3-B199-F6A543FB7B07}.Debug|Any CPU.ActiveCfg = Debug|Any CPU
		{D4E66EBD-C7D4-4EA3-B199-F6A543FB7B07}.Debug|Any CPU.Build.0 = Debug|Any CPU
		{D4E66EBD-C7D4-4EA3-B199-F6A543FB7B07}.Release|Any CPU.ActiveCfg = Release|Any CPU
		{D4E66EBD-C7D4-4EA3-B199-F6A543FB7B07}.Release|Any CPU.Build.0 = Release|Any CPU
		{84040B6D-6F63-426E-932E-416EBE580609}.Debug|Any CPU.ActiveCfg = Debug|Any CPU
		{84040B6D-6F63-426E-932E-416EBE580609}.Debug|Any CPU.Build.0 = Debug|Any CPU
		{84040B6D-6F63-426E-932E-416EBE580609}.Release|Any CPU.ActiveCfg = Release|Any CPU
		{84040B6D-6F63-426E-932E-416EBE580609}.Release|Any CPU.Build.0 = Release|Any CPU
		{8910E2C0-ADF0-48EF-9B3F-BF75BD44488B}.Debug|Any CPU.ActiveCfg = Debug|Any CPU
		{8910E2C0-ADF0-48EF-9B3F-BF75BD44488B}.Debug|Any CPU.Build.0 = Debug|Any CPU
		{8910E2C0-ADF0-48EF-9B3F-BF75BD44488B}.Release|Any CPU.ActiveCfg = Release|Any CPU
		{8910E2C0-ADF0-48EF-9B3F-BF75BD44488B}.Release|Any CPU.Build.0 = Release|Any CPU
		{74E56BD2-71F0-466B-A65A-848B44720FA6}.Debug|Any CPU.ActiveCfg = Debug|Any CPU
		{74E56BD2-71F0-466B-A65A-848B44720FA6}.Debug|Any CPU.Build.0 = Debug|Any CPU
		{74E56BD2-71F0-466B-A65A-848B44720FA6}.Release|Any CPU.ActiveCfg = Release|Any CPU
		{74E56BD2-71F0-466B-A65A-848B44720FA6}.Release|Any CPU.Build.0 = Release|Any CPU
		{46839F48-3C0C-49E3-B4FB-7AB2B08D6923}.Debug|Any CPU.ActiveCfg = Debug|Any CPU
		{46839F48-3C0C-49E3-B4FB-7AB2B08D6923}.Debug|Any CPU.Build.0 = Debug|Any CPU
		{46839F48-3C0C-49E3-B4FB-7AB2B08D6923}.Release|Any CPU.ActiveCfg = Release|Any CPU
		{46839F48-3C0C-49E3-B4FB-7AB2B08D6923}.Release|Any CPU.Build.0 = Release|Any CPU
		{C4010549-4611-463A-814D-57AA85036641}.Debug|Any CPU.ActiveCfg = Debug|Any CPU
		{C4010549-4611-463A-814D-57AA85036641}.Debug|Any CPU.Build.0 = Debug|Any CPU
		{C4010549-4611-463A-814D-57AA85036641}.Release|Any CPU.ActiveCfg = Release|Any CPU
		{C4010549-4611-463A-814D-57AA85036641}.Release|Any CPU.Build.0 = Release|Any CPU
		{EAFD52C8-8A2C-475D-ABD3-28C4C6D7A46A}.Debug|Any CPU.ActiveCfg = Debug|Any CPU
		{EAFD52C8-8A2C-475D-ABD3-28C4C6D7A46A}.Debug|Any CPU.Build.0 = Debug|Any CPU
		{EAFD52C8-8A2C-475D-ABD3-28C4C6D7A46A}.Release|Any CPU.ActiveCfg = Release|Any CPU
		{EAFD52C8-8A2C-475D-ABD3-28C4C6D7A46A}.Release|Any CPU.Build.0 = Release|Any CPU
		{4A829A12-0A5A-4174-8532-0912F3406409}.Debug|Any CPU.ActiveCfg = Debug|Any CPU
		{4A829A12-0A5A-4174-8532-0912F3406409}.Debug|Any CPU.Build.0 = Debug|Any CPU
		{4A829A12-0A5A-4174-8532-0912F3406409}.Release|Any CPU.ActiveCfg = Release|Any CPU
		{4A829A12-0A5A-4174-8532-0912F3406409}.Release|Any CPU.Build.0 = Release|Any CPU
		{B9749B65-A756-45F3-BA18-928239256E8E}.Debug|Any CPU.ActiveCfg = Debug|Any CPU
		{B9749B65-A756-45F3-BA18-928239256E8E}.Debug|Any CPU.Build.0 = Debug|Any CPU
		{B9749B65-A756-45F3-BA18-928239256E8E}.Release|Any CPU.ActiveCfg = Release|Any CPU
		{B9749B65-A756-45F3-BA18-928239256E8E}.Release|Any CPU.Build.0 = Release|Any CPU
	EndGlobalSection
	GlobalSection(SolutionProperties) = preSolution
		HideSolutionNode = FALSE
	EndGlobalSection
	GlobalSection(NestedProjects) = preSolution
		{D040C566-29F3-4F2B-A3D7-6889BD893D47} = {0437EB4F-9B5D-47FF-A052-81C9B2D90887}
		{B101F80B-E9BE-43A7-A6BE-0E078AF2E5D6} = {0437EB4F-9B5D-47FF-A052-81C9B2D90887}
		{4F5E691C-3341-472F-9494-001D74093726} = {D040C566-29F3-4F2B-A3D7-6889BD893D47}
		{6BC9CB5A-A29B-423C-BD9E-C53D05CBDF71} = {D040C566-29F3-4F2B-A3D7-6889BD893D47}
		{CDB55F02-9C49-4731-845B-5B2FB637FFD5} = {D040C566-29F3-4F2B-A3D7-6889BD893D47}
		{058D0112-936D-4D68-B697-D8F319FB24F5} = {D040C566-29F3-4F2B-A3D7-6889BD893D47}
		{D14BEB0A-BA02-4823-9123-50B453A1A29F} = {D040C566-29F3-4F2B-A3D7-6889BD893D47}
		{FE993BF8-FAB7-40C3-BF88-9494E7B2C2A7} = {D040C566-29F3-4F2B-A3D7-6889BD893D47}
		{610E8264-7E9E-4A1E-BE3A-E378739DB9B5} = {D040C566-29F3-4F2B-A3D7-6889BD893D47}
		{30DC5B76-A91F-47FE-B941-910EC2884365} = {D040C566-29F3-4F2B-A3D7-6889BD893D47}
		{27EA2905-4C88-415A-9674-929C38F290B4} = {D040C566-29F3-4F2B-A3D7-6889BD893D47}
		{973AC446-12C9-4FA7-A6C3-1BC59084C823} = {D040C566-29F3-4F2B-A3D7-6889BD893D47}
		{024CCB71-81D3-4680-83B9-E2B1FBA5AA0D} = {D040C566-29F3-4F2B-A3D7-6889BD893D47}
		{928EDA97-7464-4C1F-94A6-3B71EC6F5F54} = {D040C566-29F3-4F2B-A3D7-6889BD893D47}
		{CAB24FB7-72FE-4563-BA44-60FB9C585F7B} = {D040C566-29F3-4F2B-A3D7-6889BD893D47}
		{F8569707-5C12-43D0-B3FC-B15B2DB754AA} = {D040C566-29F3-4F2B-A3D7-6889BD893D47}
		{55377E22-33D1-431D-8104-12B3CEA8709A} = {D6F19028-2710-4D81-B1A9-1F92A1DA204C}
		{41EE8C72-3C3E-4BC8-9787-8FB4946CFB44} = {C91AA234-B0E1-4F3E-8AF3-0E951D580805}
		{A128111A-BDE9-419D-BE6B-AF551FB99338} = {B9739730-3C56-4584-823C-980DAC997A5C}
		{31B5544E-9BF6-431B-B4AD-52EE85CE1D74} = {B9739730-3C56-4584-823C-980DAC997A5C}
		{AC7D42CE-C7D9-4919-8DD0-79A2C9C5E06B} = {31B5544E-9BF6-431B-B4AD-52EE85CE1D74}
		{8FC6AD95-1575-42E6-815D-EBF50EA48C62} = {31B5544E-9BF6-431B-B4AD-52EE85CE1D74}
		{24DB0C81-8ABF-4B4E-85D8-9425770ACC44} = {31B5544E-9BF6-431B-B4AD-52EE85CE1D74}
		{25E46AD0-7594-4DDA-A579-8F7E31F92636} = {31B5544E-9BF6-431B-B4AD-52EE85CE1D74}
		{2A694FA4-B544-415D-B309-8C2766FF6C96} = {31B5544E-9BF6-431B-B4AD-52EE85CE1D74}
		{94D17C4C-6BCB-4D2E-B903-1C37F86529A8} = {8FC6AD95-1575-42E6-815D-EBF50EA48C62}
		{D4E66EBD-C7D4-4EA3-B199-F6A543FB7B07} = {8FC6AD95-1575-42E6-815D-EBF50EA48C62}
		{84040B6D-6F63-426E-932E-416EBE580609} = {AC7D42CE-C7D9-4919-8DD0-79A2C9C5E06B}
		{8910E2C0-ADF0-48EF-9B3F-BF75BD44488B} = {25E46AD0-7594-4DDA-A579-8F7E31F92636}
		{74E56BD2-71F0-466B-A65A-848B44720FA6} = {2A694FA4-B544-415D-B309-8C2766FF6C96}
		{46839F48-3C0C-49E3-B4FB-7AB2B08D6923} = {24DB0C81-8ABF-4B4E-85D8-9425770ACC44}
		{C4010549-4611-463A-814D-57AA85036641} = {8FC6AD95-1575-42E6-815D-EBF50EA48C62}
		{EAFD52C8-8A2C-475D-ABD3-28C4C6D7A46A} = {8FC6AD95-1575-42E6-815D-EBF50EA48C62}
		{4A829A12-0A5A-4174-8532-0912F3406409} = {AC7D42CE-C7D9-4919-8DD0-79A2C9C5E06B}
		{B9749B65-A756-45F3-BA18-928239256E8E} = {8FC6AD95-1575-42E6-815D-EBF50EA48C62}
		{D0BE2FBA-EB5D-4AF7-8403-C92975A55432} = {2A694FA4-B544-415D-B309-8C2766FF6C96}
		{BAF44F21-A017-4221-8433-B10ECE8E7BA6} = {2A694FA4-B544-415D-B309-8C2766FF6C96}
		{47D90121-E505-4467-85C8-4AEA117390D0} = {BAF44F21-A017-4221-8433-B10ECE8E7BA6}
	EndGlobalSection
	GlobalSection(ExtensibilityGlobals) = postSolution
		SolutionGuid = {71D34190-08F7-41B7-A13B-14E748633C1C}
	EndGlobalSection
EndGlobal
